
Microsoft Visual Studio Solution File, Format Version 12.00
# Visual Studio 2012
Project("{F184B08F-C81C-45F6-A57F-5ABD9991F28F}") = "ICT3611-53228197", "ICT3611-53228197\ICT3611-53228197.vbproj", "{821CB303-FE19-4172-B8A2-5195D125A2EB}"
EndProject
Global
	GlobalSection(SolutionConfigurationPlatforms) = preSolution
		Debug|Any CPU = Debug|Any CPU
		Release|Any CPU = Release|Any CPU
	EndGlobalSection
	GlobalSection(ProjectConfigurationPlatforms) = postSolution
		{821CB303-FE19-4172-B8A2-5195D125A2EB}.Debug|Any CPU.ActiveCfg = Debug|Any CPU
		{821CB303-FE19-4172-B8A2-5195D125A2EB}.Debug|Any CPU.Build.0 = Debug|Any CPU
		{821CB303-FE19-4172-B8A2-5195D125A2EB}.Release|Any CPU.ActiveCfg = Release|Any CPU
		{821CB303-FE19-4172-B8A2-5195D125A2EB}.Release|Any CPU.Build.0 = Release|Any CPU
	EndGlobalSection
	GlobalSection(SolutionProperties) = preSolution
		HideSolutionNode = FALSE
	EndGlobalSection
EndGlobal
